
Microsoft Visual Studio Solution File, Format Version 12.00
# Visual Studio Version 17
VisualStudioVersion = 17.0.31903.59
MinimumVisualStudioVersion = 10.0.40219.1
Project("{9A19103F-16F7-4668-BE54-9A1E7A4F7556}") = "Drastic.Social", "Drastic.Social\Drastic.Social.csproj", "{B486B033-DEDA-4E99-9779-C466B4F235E2}"
EndProject
Global
	GlobalSection(SolutionConfigurationPlatforms) = preSolution
		Debug|Any CPU = Debug|Any CPU
		Release|Any CPU = Release|Any CPU
	EndGlobalSection
	GlobalSection(ProjectConfigurationPlatforms) = postSolution
		{B486B033-DEDA-4E99-9779-C466B4F235E2}.Debug|Any CPU.ActiveCfg = Debug|Any CPU
		{B486B033-DEDA-4E99-9779-C466B4F235E2}.Debug|Any CPU.Build.0 = Debug|Any CPU
		{B486B033-DEDA-4E99-9779-C466B4F235E2}.Release|Any CPU.ActiveCfg = Release|Any CPU
		{B486B033-DEDA-4E99-9779-C466B4F235E2}.Release|Any CPU.Build.0 = Release|Any CPU
	EndGlobalSection
	GlobalSection(SolutionProperties) = preSolution
		HideSolutionNode = FALSE
	EndGlobalSection
	GlobalSection(ExtensibilityGlobals) = postSolution
		SolutionGuid = {72719B75-19F7-4B86-B364-738146E8B69D}
	EndGlobalSection
EndGlobal
